dependencies:
- name: velero
  repository: https://vmware-tanzu.github.io/helm-charts
  version: 12.0.0
- name: gateway-helm
  repository: oci://docker.io/envoyproxy
  version: v1.7.1
digest: sha256:a4a50b7637ba6513032ac8b869f30bfab42735348d06c3f5e0fc9d822e405638
generated: "2026-04-02T23:40:28.387404+05:30"
